Microsoft Visual Studio Solution File, Format Version 12.00
# Visual Studio 14
Project("{8BC9CEB8-8B4A-11D0-8D11-00A0C91BC942}") = "ALL_BUILD", "ALL_BUILD.vcxproj", "{A3FE22CF-A2DD-328B-AFDA-2176C514E8A9}"
	ProjectSection(ProjectDependencies) = postProject
		{0ADEB330-55FA-340F-B424-EC11FE4B5598} = {0ADEB330-55FA-340F-B424-EC11FE4B5598}
		{797AFC0E-C572-38AE-9A7C-2FF396081330} = {797AFC0E-C572-38AE-9A7C-2FF396081330}
		{C24856B2-7EB5-32D7-8127-92FB9744FF5C} = {C24856B2-7EB5-32D7-8127-92FB9744FF5C}
		{C5A75BE8-A02E-3B66-9C22-256C9F9467B4} = {C5A75BE8-A02E-3B66-9C22-256C9F9467B4}
		{AB344866-D807-3068-A092-DE9CC2772AC0} = {AB344866-D807-3068-A092-DE9CC2772AC0}
		{EFBE8121-6B85-3283-BB3E-BFC12BE5C8ED} = {EFBE8121-6B85-3283-BB3E-BFC12BE5C8ED}
		{83B9E5C4-FC3F-3811-9C4F-6165C2CB590F} = {83B9E5C4-FC3F-3811-9C4F-6165C2CB590F}
	EndProjectSection
EndProject
Project("{8BC9CEB8-8B4A-11D0-8D11-00A0C91BC942}") = "ANTTWEAKBAR_116_OGLCORE_GLFW", "external\ANTTWEAKBAR_116_OGLCORE_GLFW.vcxproj", "{0ADEB330-55FA-340F-B424-EC11FE4B5598}"
	ProjectSection(ProjectDependencies) = postProject
		{AB344866-D807-3068-A092-DE9CC2772AC0} = {AB344866-D807-3068-A092-DE9CC2772AC0}
	EndProjectSection
EndProject
Project("{8BC9CEB8-8B4A-11D0-8D11-00A0C91BC942}") = "CG_UFPel", "CG_UFPel.vcxproj", "{797AFC0E-C572-38AE-9A7C-2FF396081330}"
	ProjectSection(ProjectDependencies) = postProject
		{0ADEB330-55FA-340F-B424-EC11FE4B5598} = {0ADEB330-55FA-340F-B424-EC11FE4B5598}
		{C24856B2-7EB5-32D7-8127-92FB9744FF5C} = {C24856B2-7EB5-32D7-8127-92FB9744FF5C}
		{C5A75BE8-A02E-3B66-9C22-256C9F9467B4} = {C5A75BE8-A02E-3B66-9C22-256C9F9467B4}
		{AB344866-D807-3068-A092-DE9CC2772AC0} = {AB344866-D807-3068-A092-DE9CC2772AC0}
		{EFBE8121-6B85-3283-BB3E-BFC12BE5C8ED} = {EFBE8121-6B85-3283-BB3E-BFC12BE5C8ED}
		{83B9E5C4-FC3F-3811-9C4F-6165C2CB590F} = {83B9E5C4-FC3F-3811-9C4F-6165C2CB590F}
	EndProjectSection
EndProject
Project("{8BC9CEB8-8B4A-11D0-8D11-00A0C91BC942}") = "GLEW_190", "external\GLEW_190.vcxproj", "{C24856B2-7EB5-32D7-8127-92FB9744FF5C}"
	ProjectSection(ProjectDependencies) = postProject
		{AB344866-D807-3068-A092-DE9CC2772AC0} = {AB344866-D807-3068-A092-DE9CC2772AC0}
	EndProjectSection
EndProject
Project("{8BC9CEB8-8B4A-11D0-8D11-00A0C91BC942}") = "GLFW_303", "external\glfw-3.0.3\src\GLFW_303.vcxproj", "{C5A75BE8-A02E-3B66-9C22-256C9F9467B4}"
	ProjectSection(ProjectDependencies) = postProject
		{AB344866-D807-3068-A092-DE9CC2772AC0} = {AB344866-D807-3068-A092-DE9CC2772AC0}
	EndProjectSection
EndProject
Project("{8BC9CEB8-8B4A-11D0-8D11-00A0C91BC942}") = "INSTALL", "INSTALL.vcxproj", "{D0C8C498-68B7-3119-AD83-45336C6A24FE}"
	ProjectSection(ProjectDependencies) = postProject
		{A3FE22CF-A2DD-328B-AFDA-2176C514E8A9} = {A3FE22CF-A2DD-328B-AFDA-2176C514E8A9}
		{AB344866-D807-3068-A092-DE9CC2772AC0} = {AB344866-D807-3068-A092-DE9CC2772AC0}
	EndProjectSection
EndProject
Project("{8BC9CEB8-8B4A-11D0-8D11-00A0C91BC942}") = "ZERO_CHECK", "ZERO_CHECK.vcxproj", "{AB344866-D807-3068-A092-DE9CC2772AC0}"
	ProjectSection(ProjectDependencies) = postProject
	EndProjectSection
EndProject
Project("{8BC9CEB8-8B4A-11D0-8D11-00A0C91BC942}") = "assimp", "external\assimp-3.0.1270\code\assimp.vcxproj", "{EFBE8121-6B85-3283-BB3E-BFC12BE5C8ED}"
	ProjectSection(ProjectDependencies) = postProject
		{AB344866-D807-3068-A092-DE9CC2772AC0} = {AB344866-D807-3068-A092-DE9CC2772AC0}
		{83B9E5C4-FC3F-3811-9C4F-6165C2CB590F} = {83B9E5C4-FC3F-3811-9C4F-6165C2CB590F}
	EndProjectSection
EndProject
Project("{8BC9CEB8-8B4A-11D0-8D11-00A0C91BC942}") = "zlib", "external\assimp-3.0.1270\contrib\zlib\zlib.vcxproj", "{83B9E5C4-FC3F-3811-9C4F-6165C2CB590F}"
	ProjectSection(ProjectDependencies) = postProject
		{AB344866-D807-3068-A092-DE9CC2772AC0} = {AB344866-D807-3068-A092-DE9CC2772AC0}
	EndProjectSection
EndProject
Global
	GlobalSection(SolutionConfigurationPlatforms) = preSolution
		Debug|x64 = Debug|x64
		Release|x64 = Release|x64
		MinSizeRel|x64 = MinSizeRel|x64
		RelWithDebInfo|x64 = RelWithDebInfo|x64
	EndGlobalSection
	GlobalSection(ProjectConfigurationPlatforms) = postSolution
		{A3FE22CF-A2DD-328B-AFDA-2176C514E8A9}.Debug|x64.ActiveCfg = Debug|x64
		{A3FE22CF-A2DD-328B-AFDA-2176C514E8A9}.Debug|x64.Build.0 = Debug|x64
		{A3FE22CF-A2DD-328B-AFDA-2176C514E8A9}.Release|x64.ActiveCfg = Release|x64
		{A3FE22CF-A2DD-328B-AFDA-2176C514E8A9}.Release|x64.Build.0 = Release|x64
		{A3FE22CF-A2DD-328B-AFDA-2176C514E8A9}.MinSizeRel|x64.ActiveCfg = MinSizeRel|x64
		{A3FE22CF-A2DD-328B-AFDA-2176C514E8A9}.MinSizeRel|x64.Build.0 = MinSizeRel|x64
		{A3FE22CF-A2DD-328B-AFDA-2176C514E8A9}.RelWithDebInfo|x64.ActiveCfg = RelWithDebInfo|x64
		{A3FE22CF-A2DD-328B-AFDA-2176C514E8A9}.RelWithDebInfo|x64.Build.0 = RelWithDebInfo|x64
		{0ADEB330-55FA-340F-B424-EC11FE4B5598}.Debug|x64.ActiveCfg = Debug|x64
		{0ADEB330-55FA-340F-B424-EC11FE4B5598}.Debug|x64.Build.0 = Debug|x64
		{0ADEB330-55FA-340F-B424-EC11FE4B5598}.Release|x64.ActiveCfg = Release|x64
		{0ADEB330-55FA-340F-B424-EC11FE4B5598}.Release|x64.Build.0 = Release|x64
		{0ADEB330-55FA-340F-B424-EC11FE4B5598}.MinSizeRel|x64.ActiveCfg = MinSizeRel|x64
		{0ADEB330-55FA-340F-B424-EC11FE4B5598}.MinSizeRel|x64.Build.0 = MinSizeRel|x64
		{0ADEB330-55FA-340F-B424-EC11FE4B5598}.RelWithDebInfo|x64.ActiveCfg = RelWithDebInfo|x64
		{0ADEB330-55FA-340F-B424-EC11FE4B5598}.RelWithDebInfo|x64.Build.0 = RelWithDebInfo|x64
		{797AFC0E-C572-38AE-9A7C-2FF396081330}.Debug|x64.ActiveCfg = Debug|x64
		{797AFC0E-C572-38AE-9A7C-2FF396081330}.Debug|x64.Build.0 = Debug|x64
		{797AFC0E-C572-38AE-9A7C-2FF396081330}.Release|x64.ActiveCfg = Release|x64
		{797AFC0E-C572-38AE-9A7C-2FF396081330}.Release|x64.Build.0 = Release|x64
		{797AFC0E-C572-38AE-9A7C-2FF396081330}.MinSizeRel|x64.ActiveCfg = MinSizeRel|x64
		{797AFC0E-C572-38AE-9A7C-2FF396081330}.MinSizeRel|x64.Build.0 = MinSizeRel|x64
		{797AFC0E-C572-38AE-9A7C-2FF396081330}.RelWithDebInfo|x64.ActiveCfg = RelWithDebInfo|x64
		{797AFC0E-C572-38AE-9A7C-2FF396081330}.RelWithDebInfo|x64.Build.0 = RelWithDebInfo|x64
		{C24856B2-7EB5-32D7-8127-92FB9744FF5C}.Debug|x64.ActiveCfg = Debug|x64
		{C24856B2-7EB5-32D7-8127-92FB9744FF5C}.Debug|x64.Build.0 = Debug|x64
		{C24856B2-7EB5-32D7-8127-92FB9744FF5C}.Release|x64.ActiveCfg = Release|x64
		{C24856B2-7EB5-32D7-8127-92FB9744FF5C}.Release|x64.Build.0 = Release|x64
		{C24856B2-7EB5-32D7-8127-92FB9744FF5C}.MinSizeRel|x64.ActiveCfg = MinSizeRel|x64
		{C24856B2-7EB5-32D7-8127-92FB9744FF5C}.MinSizeRel|x64.Build.0 = MinSizeRel|x64
		{C24856B2-7EB5-32D7-8127-92FB9744FF5C}.RelWithDebInfo|x64.ActiveCfg = RelWithDebInfo|x64
		{C24856B2-7EB5-32D7-8127-92FB9744FF5C}.RelWithDebInfo|x64.Build.0 = RelWithDebInfo|x64
		{C5A75BE8-A02E-3B66-9C22-256C9F9467B4}.Debug|x64.ActiveCfg = Debug|x64
		{C5A75BE8-A02E-3B66-9C22-256C9F9467B4}.Debug|x64.Build.0 = Debug|x64
		{C5A75BE8-A02E-3B66-9C22-256C9F9467B4}.Release|x64.ActiveCfg = Release|x64
		{C5A75BE8-A02E-3B66-9C22-256C9F9467B4}.Release|x64.Build.0 = Release|x64
		{C5A75BE8-A02E-3B66-9C22-256C9F9467B4}.MinSizeRel|x64.ActiveCfg = MinSizeRel|x64
		{C5A75BE8-A02E-3B66-9C22-256C9F9467B4}.MinSizeRel|x64.Build.0 = MinSizeRel|x64
		{C5A75BE8-A02E-3B66-9C22-256C9F9467B4}.RelWithDebInfo|x64.ActiveCfg = RelWithDebInfo|x64
		{C5A75BE8-A02E-3B66-9C22-256C9F9467B4}.RelWithDebInfo|x64.Build.0 = RelWithDebInfo|x64
		{D0C8C498-68B7-3119-AD83-45336C6A24FE}.Debug|x64.ActiveCfg = Debug|x64
		{D0C8C498-68B7-3119-AD83-45336C6A24FE}.Release|x64.ActiveCfg = Release|x64
		{D0C8C498-68B7-3119-AD83-45336C6A24FE}.MinSizeRel|x64.ActiveCfg = MinSizeRel|x64
		{D0C8C498-68B7-3119-AD83-45336C6A24FE}.RelWithDebInfo|x64.ActiveCfg = RelWithDebInfo|x64
		{AB344866-D807-3068-A092-DE9CC2772AC0}.Debug|x64.ActiveCfg = Debug|x64
		{AB344866-D807-3068-A092-DE9CC2772AC0}.Debug|x64.Build.0 = Debug|x64
		{AB344866-D807-3068-A092-DE9CC2772AC0}.Release|x64.ActiveCfg = Release|x64
		{AB344866-D807-3068-A092-DE9CC2772AC0}.Release|x64.Build.0 = Release|x64
		{AB344866-D807-3068-A092-DE9CC2772AC0}.MinSizeRel|x64.ActiveCfg = MinSizeRel|x64
		{AB344866-D807-3068-A092-DE9CC2772AC0}.MinSizeRel|x64.Build.0 = MinSizeRel|x64
		{AB344866-D807-3068-A092-DE9CC2772AC0}.RelWithDebInfo|x64.ActiveCfg = RelWithDebInfo|x64
		{AB344866-D807-3068-A092-DE9CC2772AC0}.RelWithDebInfo|x64.Build.0 = RelWithDebInfo|x64
		{EFBE8121-6B85-3283-BB3E-BFC12BE5C8ED}.Debug|x64.ActiveCfg = Debug|x64
		{EFBE8121-6B85-3283-BB3E-BFC12BE5C8ED}.Debug|x64.Build.0 = Debug|x64
		{EFBE8121-6B85-3283-BB3E-BFC12BE5C8ED}.Release|x64.ActiveCfg = Release|x64
		{EFBE8121-6B85-3283-BB3E-BFC12BE5C8ED}.Release|x64.Build.0 = Release|x64
		{EFBE8121-6B85-3283-BB3E-BFC12BE5C8ED}.MinSizeRel|x64.ActiveCfg = MinSizeRel|x64
		{EFBE8121-6B85-3283-BB3E-BFC12BE5C8ED}.MinSizeRel|x64.Build.0 = MinSizeRel|x64
		{EFBE8121-6B85-3283-BB3E-BFC12BE5C8ED}.RelWithDebInfo|x64.ActiveCfg = RelWithDebInfo|x64
		{EFBE8121-6B85-3283-BB3E-BFC12BE5C8ED}.RelWithDebInfo|x64.Build.0 = RelWithDebInfo|x64
		{83B9E5C4-FC3F-3811-9C4F-6165C2CB590F}.Debug|x64.ActiveCfg = Debug|x64
		{83B9E5C4-FC3F-3811-9C4F-6165C2CB590F}.Debug|x64.Build.0 = Debug|x64
		{83B9E5C4-FC3F-3811-9C4F-6165C2CB590F}.Release|x64.ActiveCfg = Release|x64
		{83B9E5C4-FC3F-3811-9C4F-6165C2CB590F}.Release|x64.Build.0 = Release|x64
		{83B9E5C4-FC3F-3811-9C4F-6165C2CB590F}.MinSizeRel|x64.ActiveCfg = MinSizeRel|x64
		{83B9E5C4-FC3F-3811-9C4F-6165C2CB590F}.MinSizeRel|x64.Build.0 = MinSizeRel|x64
		{83B9E5C4-FC3F-3811-9C4F-6165C2CB590F}.RelWithDebInfo|x64.ActiveCfg = RelWithDebInfo|x64
		{83B9E5C4-FC3F-3811-9C4F-6165C2CB590F}.RelWithDebInfo|x64.Build.0 = RelWithDebInfo|x64
	EndGlobalSection
	GlobalSection(ExtensibilityGlobals) = postSolution
	EndGlobalSection
	GlobalSection(ExtensibilityAddIns) = postSolution
	EndGlobalSection
EndGlobal
