<?xml version="1.0" encoding="UTF-8"?>
<Project ToolsVersion="14.0" xmlns="http://schemas.microsoft.com/developer/msbuild/2003">
  <ItemGroup>
    <CustomBuild Include="D:\CG_UFPel\CG_UFPel\Saida\CMakeFiles\e0697ad7fcc6a2c5604c5f8e5aee6d8e\generate.stamp.rule">
      <Filter>CMake Rules</Filter>
    </CustomBuild>
  </ItemGroup>
  <ItemGroup>
    <Filter Include="CMake Rules">
      <UniqueIdentifier>{65328931-886C-3EF3-ACC9-D0753F8780C8}</UniqueIdentifier>
    </Filter>
  </ItemGroup>
</Project>
